// !$*UTF8*$!
{
	archiveVersion = 1;
	classes = {
	};
	objectVersion = 46;
	objects = {

/* Begin PBXBuildFile section */
		A86DB83918E798E3002159C5 /* Foundation.framework in Frameworks */ = {isa = PBXBuildFile; fileRef = A86DB83818E798E3002159C5 /* Foundation.framework */; };
		A86DB83B18E798E3002159C5 /* CoreGraphics.framework in Frameworks */ = {isa = PBXBuildFile; fileRef = A86DB83A18E798E3002159C5 /* CoreGraphics.framework */; };
		A86DB83D18E798E3002159C5 /* UIKit.framework in Frameworks */ = {isa = PBXBuildFile; fileRef = A86DB83C18E798E3002159C5 /* UIKit.framework */; };
		A86DB83F18E798E3002159C5 /* SpriteKit.framework in Frameworks */ = {isa = PBXBuildFile; fileRef = A86DB83E18E798E3002159C5 /* SpriteKit.framework */; };
		A86DB84518E798E3002159C5 /* InfoPlist.strings in Resources */ = {isa = PBXBuildFile; fileRef = A86DB84318E798E3002159C5 /* InfoPlist.strings */; };
		A86DB84718E798E3002159C5 /* main.m in Sources */ = {isa = PBXBuildFile; fileRef = A86DB84618E798E3002159C5 /* main.m */; };
		A86DB84B18E798E3002159C5 /* PMRAppDelegate.m in Sources */ = {isa = PBXBuildFile; fileRef = A86DB84A18E798E3002159C5 /* PMRAppDelegate.m */; };
		A86DB84E18E798E3002159C5 /* Main.storyboard in Resources */ = {isa = PBXBuildFile; fileRef = A86DB84C18E798E3002159C5 /* Main.storyboard */; };
		A86DB85118E798E3002159C5 /* PMRViewController.m in Sources */ = {isa = PBXBuildFile; fileRef = A86DB85018E798E3002159C5 /* PMRViewController.m */; };
		A86DB85418E798E3002159C5 /* PMRMyScene.m in Sources */ = {isa = PBXBuildFile; fileRef = A86DB85318E798E3002159C5 /* PMRMyScene.m */; };
		A86DB85818E798E3002159C5 /* Images.xcassets in Resources */ = {isa = PBXBuildFile; fileRef = A86DB85718E798E3002159C5 /* Images.xcassets */; };
		A86DB85F18E798E3002159C5 /* XCTest.framework in Frameworks */ = {isa = PBXBuildFile; fileRef = A86DB85E18E798E3002159C5 /* XCTest.framework */; };
		A86DB86018E798E3002159C5 /* Foundation.framework in Frameworks */ = {isa = PBXBuildFile; fileRef = A86DB83818E798E3002159C5 /* Foundation.framework */; };
		A86DB86118E798E3002159C5 /* UIKit.framework in Frameworks */ = {isa = PBXBuildFile; fileRef = A86DB83C18E798E3002159C5 /* UIKit.framework */; };
		A86DB86918E798E3002159C5 /* InfoPlist.strings in Resources */ = {isa = PBXBuildFile; fileRef = A86DB86718E798E3002159C5 /* InfoPlist.strings */; };
		A86DB86B18E798E3002159C5 /* CenterBallTests.m in Sources */ = {isa = PBXBuildFile; fileRef = A86DB86A18E798E3002159C5 /* CenterBallTests.m */; };
		A86DB87518E79B5A002159C5 /* CoreMotion.framework in Frameworks */ = {isa = PBXBuildFile; fileRef = A86DB87418E79B5A002159C5 /* CoreMotion.framework */; };
/* End PBXBuildFile section */

/* Begin PBXContainerItemProxy section */
		A86DB86218E798E3002159C5 /* PBXContainerItemProxy */ = {
			isa = PBXContainerItemProxy;
			containerPortal = A86DB82D18E798E3002159C5 /* Project object */;
			proxyType = 1;
			remoteGlobalIDString = A86DB83418E798E3002159C5;
			remoteInfo = CenterBall;
		};
/* End PBXContainerItemProxy section */

/* Begin PBXFileReference section */
		A86DB83518E798E3002159C5 /* CenterBall.app */ = {isa = PBXFileReference; explicitFileType = wrapper.application; includeInIndex = 0; path = CenterBall.app; sourceTree = BUILT_PRODUCTS_DIR; };
		A86DB83818E798E3002159C5 /* Foundation.framework */ = {isa = PBXFileReference; lastKnownFileType = wrapper.framework; name = Foundation.framework; path = System/Library/Frameworks/Foundation.framework; sourceTree = SDKROOT; };
		A86DB83A18E798E3002159C5 /* CoreGraphics.framework */ = {isa = PBXFileReference; lastKnownFileType = wrapper.framework; name = CoreGraphics.framework; path = System/Library/Frameworks/CoreGraphics.framework; sourceTree = SDKROOT; };
		A86DB83C18E798E3002159C5 /* UIKit.framework */ = {isa = PBXFileReference; lastKnownFileType = wrapper.framework; name = UIKit.framework; path = System/Library/Frameworks/UIKit.framework; sourceTree = SDKROOT; };
		A86DB83E18E798E3002159C5 /* SpriteKit.framework */ = {isa = PBXFileReference; lastKnownFileType = wrapper.framework; name = SpriteKit.framework; path = System/Library/Frameworks/SpriteKit.framework; sourceTree = SDKROOT; };
		A86DB84218E798E3002159C5 /* CenterBall-Info.plist */ = {isa = PBXFileReference; lastKnownFileType = text.plist.xml; path = "CenterBall-Info.plist"; sourceTree = "<group>"; };
		A86DB84418E798E3002159C5 /* en */ = {isa = PBXFileReference; lastKnownFileType = text.plist.strings; name = en; path = en.lproj/InfoPlist.strings; sourceTree = "<group>"; };
		A86DB84618E798E3002159C5 /* main.m */ = {isa = PBXFileReference; lastKnownFileType = sourcecode.c.objc; path = main.m; sourceTree = "<group>"; };
		A86DB84818E798E3002159C5 /* CenterBall-Prefix.pch */ = {isa = PBXFileReference; lastKnownFileType = sourcecode.c.h; path = "CenterBall-Prefix.pch"; sourceTree = "<group>"; };
		A86DB84918E798E3002159C5 /* PMRAppDelegate.h */ = {isa = PBXFileReference; lastKnownFileType = sourcecode.c.h; path = PMRAppDelegate.h; sourceTree = "<group>"; };
		A86DB84A18E798E3002159C5 /* PMRAppDelegate.m */ = {isa = PBXFileReference; lastKnownFileType = sourcecode.c.objc; path = PMRAppDelegate.m; sourceTree = "<group>"; };
		A86DB84D18E798E3002159C5 /* Base */ = {isa = PBXFileReference; lastKnownFileType = file.storyboard; name = Base; path = Base.lproj/Main.storyboard; sourceTree = "<group>"; };
		A86DB84F18E798E3002159C5 /* PMRViewController.h */ = {isa = PBXFileReference; lastKnownFileType = sourcecode.c.h; path = PMRViewController.h; sourceTree = "<group>"; };
		A86DB85018E798E3002159C5 /* PMRViewController.m */ = {isa = PBXFileReference; lastKnownFileType = sourcecode.c.objc; path = PMRViewController.m; sourceTree = "<group>"; };
		A86DB85218E798E3002159C5 /* PMRMyScene.h */ = {isa = PBXFileReference; lastKnownFileType = sourcecode.c.h; path = PMRMyScene.h; sourceTree = "<group>"; };
		A86DB85318E798E3002159C5 /* PMRMyScene.m */ = {isa = PBXFileReference; lastKnownFileType = sourcecode.c.objc; path = PMRMyScene.m; sourceTree = "<group>"; };
		A86DB85718E798E3002159C5 /* Images.xcassets */ = {isa = PBXFileReference; lastKnownFileType = folder.assetcatalog; path = Images.xcassets; sourceTree = "<group>"; };
		A86DB85D18E798E3002159C5 /* CenterBallTests.xctest */ = {isa = PBXFileReference; explicitFileType = wrapper.cfbundle; includeInIndex = 0; path = CenterBallTests.xctest; sourceTree = BUILT_PRODUCTS_DIR; };
		A86DB85E18E798E3002159C5 /* XCTest.framework */ = {isa = PBXFileReference; lastKnownFileType = wrapper.framework; name = XCTest.framework; path = Library/Frameworks/XCTest.framework; sourceTree = DEVELOPER_DIR; };
		A86DB86618E798E3002159C5 /* CenterBallTests-Info.plist */ = {isa = PBXFileReference; lastKnownFileType = text.plist.xml; path = "CenterBallTests-Info.plist"; sourceTree = "<group>"; };
		A86DB86818E798E3002159C5 /* en */ = {isa = PBXFileReference; lastKnownFileType = text.plist.strings; name = en; path = en.lproj/InfoPlist.strings; sourceTree = "<group>"; };
		A86DB86A18E798E3002159C5 /* CenterBallTests.m */ = {isa = PBXFileReference; lastKnownFileType = sourcecode.c.objc; path = CenterBallTests.m; sourceTree = "<group>"; };
		A86DB87418E79B5A002159C5 /* CoreMotion.framework */ = {isa = PBXFileReference; lastKnownFileType = wrapper.framework; name = CoreMotion.framework; path = System/Library/Frameworks/CoreMotion.framework; sourceTree = SDKROOT; };
/* End PBXFileReference section */

/* Begin PBXFrameworksBuildPhase section */
		A86DB83218E798E3002159C5 /* Frameworks */ = {
			isa = PBXFrameworksBuildPhase;
			buildActionMask = 2147483647;
			files = (
				A86DB87518E79B5A002159C5 /* CoreMotion.framework in Frameworks */,
				A86DB83B18E798E3002159C5 /* CoreGraphics.framework in Frameworks */,
				A86DB83D18E798E3002159C5 /* UIKit.framework in Frameworks */,
				A86DB83F18E798E3002159C5 /* SpriteKit.framework in Frameworks */,
				A86DB83918E798E3002159C5 /* Foundation.framework in Frameworks */,
			);
			runOnlyForDeploymentPostprocessing = 0;
		};
		A86DB85A18E798E3002159C5 /* Frameworks */ = {
			isa = PBXFrameworksBuildPhase;
			buildActionMask = 2147483647;
			files = (
				A86DB85F18E798E3002159C5 /* XCTest.framework in Frameworks */,
				A86DB86118E798E3002159C5 /* UIKit.framework in Frameworks */,
				A86DB86018E798E3002159C5 /* Foundation.framework in Frameworks */,
			);
			runOnlyForDeploymentPostprocessing = 0;
		};
/* End PBXFrameworksBuildPhase section */

/* Begin PBXGroup section */
		A86DB82C18E798E3002159C5 = {
			isa = PBXGroup;
			children = (
				A86DB84018E798E3002159C5 /* CenterBall */,
				A86DB86418E798E3002159C5 /* CenterBallTests */,
				A86DB83718E798E3002159C5 /* Frameworks */,
				A86DB83618E798E3002159C5 /* Products */,
			);
			sourceTree = "<group>";
		};
		A86DB83618E798E3002159C5 /* Products */ = {
			isa = PBXGroup;
			children = (
				A86DB83518E798E3002159C5 /* CenterBall.app */,
				A86DB85D18E798E3002159C5 /* CenterBallTests.xctest */,
			);
			name = Products;
			sourceTree = "<group>";
		};
		A86DB83718E798E3002159C5 /* Frameworks */ = {
			isa = PBXGroup;
			children = (
				A86DB87418E79B5A002159C5 /* CoreMotion.framework */,
				A86DB83818E798E3002159C5 /* Foundation.framework */,
				A86DB83A18E798E3002159C5 /* CoreGraphics.framework */,
				A86DB83C18E798E3002159C5 /* UIKit.framework */,
				A86DB83E18E798E3002159C5 /* SpriteKit.framework */,
				A86DB85E18E798E3002159C5 /* XCTest.framework */,
			);
			name = Frameworks;
			sourceTree = "<group>";
		};
		A86DB84018E798E3002159C5 /* CenterBall */ = {
			isa = PBXGroup;
			children = (
				A86DB84918E798E3002159C5 /* PMRAppDelegate.h */,
				A86DB84A18E798E3002159C5 /* PMRAppDelegate.m */,
				A86DB84C18E798E3002159C5 /* Main.storyboard */,
				A86DB84F18E798E3002159C5 /* PMRViewController.h */,
				A86DB85018E798E3002159C5 /* PMRViewController.m */,
				A86DB85218E798E3002159C5 /* PMRMyScene.h */,
				A86DB85318E798E3002159C5 /* PMRMyScene.m */,
				A86DB85718E798E3002159C5 /* Images.xcassets */,
				A86DB84118E798E3002159C5 /* Supporting Files */,
			);
			path = CenterBall;
			sourceTree = "<group>";
		};
		A86DB84118E798E3002159C5 /* Supporting Files */ = {
			isa = PBXGroup;
			children = (
				A86DB84218E798E3002159C5 /* CenterBall-Info.plist */,
				A86DB84318E798E3002159C5 /* InfoPlist.strings */,
				A86DB84618E798E3002159C5 /* main.m */,
				A86DB84818E798E3002159C5 /* CenterBall-Prefix.pch */,
			);
			name = "Supporting Files";
			sourceTree = "<group>";
		};
		A86DB86418E798E3002159C5 /* CenterBallTests */ = {
			isa = PBXGroup;
			children = (
				A86DB86A18E798E3002159C5 /* CenterBallTests.m */,
				A86DB86518E798E3002159C5 /* Supporting Files */,
			);
			path = CenterBallTests;
			sourceTree = "<group>";
		};
		A86DB86518E798E3002159C5 /* Supporting Files */ = {
			isa = PBXGroup;
			children = (
				A86DB86618E798E3002159C5 /* CenterBallTests-Info.plist */,
				A86DB86718E798E3002159C5 /* InfoPlist.strings */,
			);
			name = "Supporting Files";
			sourceTree = "<group>";
		};
/* End PBXGroup section */

/* Begin PBXNativeTarget section */
		A86DB83418E798E3002159C5 /* CenterBall */ = {
			isa = PBXNativeTarget;
			buildConfigurationList = A86DB86E18E798E3002159C5 /* Build configuration list for PBXNativeTarget "CenterBall" */;
			buildPhases = (
				A86DB83118E798E3002159C5 /* Sources */,
				A86DB83218E798E3002159C5 /* Frameworks */,
				A86DB83318E798E3002159C5 /* Resources */,
			);
			buildRules = (
			);
			dependencies = (
			);
			name = CenterBall;
			productName = CenterBall;
			productReference = A86DB83518E798E3002159C5 /* CenterBall.app */;
			productType = "com.apple.product-type.application";
		};
		A86DB85C18E798E3002159C5 /* CenterBallTests */ = {
			isa = PBXNativeTarget;
			buildConfigurationList = A86DB87118E798E3002159C5 /* Build configuration list for PBXNativeTarget "CenterBallTests" */;
			buildPhases = (
				A86DB85918E798E3002159C5 /* Sources */,
				A86DB85A18E798E3002159C5 /* Frameworks */,
				A86DB85B18E798E3002159C5 /* Resources */,
			);
			buildRules = (
			);
			dependencies = (
				A86DB86318E798E3002159C5 /* PBXTargetDependency */,
			);
			name = CenterBallTests;
			productName = CenterBallTests;
			productReference = A86DB85D18E798E3002159C5 /* CenterBallTests.xctest */;
			productType = "com.apple.product-type.bundle.unit-test";
		};
/* End PBXNativeTarget section */

/* Begin PBXProject section */
		A86DB82D18E798E3002159C5 /* Project object */ = {
			isa = PBXProject;
			attributes = {
				CLASSPREFIX = PMR;
				LastUpgradeCheck = 0510;
				ORGANIZATIONNAME = "Pruthvikar Reddy";
				TargetAttributes = {
					A86DB85C18E798E3002159C5 = {
						TestTargetID = A86DB83418E798E3002159C5;
					};
				};
			};
			buildConfigurationList = A86DB83018E798E3002159C5 /* Build configuration list for PBXProject "CenterBall" */;
			compatibilityVersion = "Xcode 3.2";
			developmentRegion = English;
			hasScannedForEncodings = 0;
			knownRegions = (
				en,
				Base,
			);
			mainGroup = A86DB82C18E798E3002159C5;
			productRefGroup = A86DB83618E798E3002159C5 /* Products */;
			projectDirPath = "";
			projectRoot = "";
			targets = (
				A86DB83418E798E3002159C5 /* CenterBall */,
				A86DB85C18E798E3002159C5 /* CenterBallTests */,
			);
		};
/* End PBXProject section */

/* Begin PBXResourcesBuildPhase section */
		A86DB83318E798E3002159C5 /* Resources */ = {
			isa = PBXResourcesBuildPhase;
			buildActionMask = 2147483647;
			files = (
				A86DB84518E798E3002159C5 /* InfoPlist.strings in Resources */,
				A86DB85818E798E3002159C5 /* Images.xcassets in Resources */,
				A86DB84E18E798E3002159C5 /* Main.storyboard in Resources */,
			);
			runOnlyForDeploymentPostprocessing = 0;
		};
		A86DB85B18E798E3002159C5 /* Resources */ = {
			isa = PBXResourcesBuildPhase;
			buildActionMask = 2147483647;
			files = (
				A86DB86918E798E3002159C5 /* InfoPlist.strings in Resources */,
			);
			runOnlyForDeploymentPostprocessing = 0;
		};
/* End PBXResourcesBuildPhase section */

/* Begin PBXSourcesBuildPhase section */
		A86DB83118E798E3002159C5 /* Sources */ = {
			isa = PBXSourcesBuildPhase;
			buildActionMask = 2147483647;
			files = (
				A86DB84B18E798E3002159C5 /* PMRAppDelegate.m in Sources */,
				A86DB85118E798E3002159C5 /* PMRViewController.m in Sources */,
				A86DB85418E798E3002159C5 /* PMRMyScene.m in Sources */,
				A86DB84718E798E3002159C5 /* main.m in Sources */,
			);
			runOnlyForDeploymentPostprocessing = 0;
		};
		A86DB85918E798E3002159C5 /* Sources */ = {
			isa = PBXSourcesBuildPhase;
			buildActionMask = 2147483647;
			files = (
				A86DB86B18E798E3002159C5 /* CenterBallTests.m in Sources */,
			);
			runOnlyForDeploymentPostprocessing = 0;
		};
/* End PBXSourcesBuildPhase section */

/* Begin PBXTargetDependency section */
		A86DB86318E798E3002159C5 /* PBXTargetDependency */ = {
			isa = PBXTargetDependency;
			target = A86DB83418E798E3002159C5 /* CenterBall */;
			targetProxy = A86DB86218E798E3002159C5 /* PBXContainerItemProxy */;
		};
/* End PBXTargetDependency section */

/* Begin PBXVariantGroup section */
		A86DB84318E798E3002159C5 /* InfoPlist.strings */ = {
			isa = PBXVariantGroup;
			children = (
				A86DB84418E798E3002159C5 /* en */,
			);
			name = InfoPlist.strings;
			sourceTree = "<group>";
		};
		A86DB84C18E798E3002159C5 /* Main.storyboard */ = {
			isa = PBXVariantGroup;
			children = (
				A86DB84D18E798E3002159C5 /* Base */,
			);
			name = Main.storyboard;
			sourceTree = "<group>";
		};
		A86DB86718E798E3002159C5 /* InfoPlist.strings */ = {
			isa = PBXVariantGroup;
			children = (
				A86DB86818E798E3002159C5 /* en */,
			);
			name = InfoPlist.strings;
			sourceTree = "<group>";
		};
/* End PBXVariantGroup section */

/* Begin XCBuildConfiguration section */
		A86DB86C18E798E3002159C5 /* Debug */ = {
			isa = XCBuildConfiguration;
			buildSettings = {
				ALWAYS_SEARCH_USER_PATHS = NO;
				CLANG_CXX_LANGUAGE_STANDARD = "gnu++0x";
				CLANG_CXX_LIBRARY = "libc++";
				CLANG_ENABLE_MODULES = YES;
				CLANG_ENABLE_OBJC_ARC = YES;
				CLANG_WARN_BOOL_CONVERSION = YES;
				CLANG_WARN_CONSTANT_CONVERSION = YES;
				CLANG_WARN_DIRECT_OBJC_ISA_USAGE = YES_ERROR;
				CLANG_WARN_EMPTY_BODY = YES;
				CLANG_WARN_ENUM_CONVERSION = YES;
				CLANG_WARN_INT_CONVERSION = YES;
				CLANG_WARN_OBJC_ROOT_CLASS = YES_ERROR;
				CLANG_WARN__DUPLICATE_METHOD_MATCH = YES;
				"CODE_SIGN_IDENTITY[sdk=iphoneos*]" = "iPhone Developer";
				COPY_PHASE_STRIP = NO;
				GCC_C_LANGUAGE_STANDARD = gnu99;
				GCC_DYNAMIC_NO_PIC = NO;
				GCC_OPTIMIZATION_LEVEL = 0;
				GCC_PREPROCESSOR_DEFINITIONS = (
					"DEBUG=1",
					"$(inherited)",
				);
				GCC_SYMBOLS_PRIVATE_EXTERN = NO;
				GCC_WARN_64_TO_32_BIT_CONVERSION = YES;
				GCC_WARN_ABOUT_RETURN_TYPE = YES_ERROR;
				GCC_WARN_UNDECLARED_SELECTOR = YES;
				GCC_WARN_UNINITIALIZED_AUTOS = YES_AGGRESSIVE;
				GCC_WARN_UNUSED_FUNCTION = YES;
				GCC_WARN_UNUSED_VARIABLE = YES;
				IPHONEOS_DEPLOYMENT_TARGET = 7.1;
				ONLY_ACTIVE_ARCH = YES;
				SDKROOT = iphoneos;
			};
			name = Debug;
		};
		A86DB86D18E798E3002159C5 /* Release */ = {
			isa = XCBuildConfiguration;
			buildSettings = {
				ALWAYS_SEARCH_USER_PATHS = NO;
				CLANG_CXX_LANGUAGE_STANDARD = "gnu++0x";
				CLANG_CXX_LIBRARY = "libc++";
				CLANG_ENABLE_MODULES = YES;
				CLANG_ENABLE_OBJC_ARC = YES;
				CLANG_WARN_BOOL_CONVERSION = YES;
				CLANG_WARN_CONSTANT_CONVERSION = YES;
				CLANG_WARN_DIRECT_OBJC_ISA_USAGE = YES_ERROR;
				CLANG_WARN_EMPTY_BODY = YES;
				CLANG_WARN_ENUM_CONVERSION = YES;
				CLANG_WARN_INT_CONVERSION = YES;
				CLANG_WARN_OBJC_ROOT_CLASS = YES_ERROR;
				CLANG_WARN__DUPLICATE_METHOD_MATCH = YES;
				"CODE_SIGN_IDENTITY[sdk=iphoneos*]" = "iPhone Developer";
				COPY_PHASE_STRIP = YES;
				ENABLE_NS_ASSERTIONS = NO;
				GCC_C_LANGUAGE_STANDARD = gnu99;
				GCC_WARN_64_TO_32_BIT_CONVERSION = YES;
				GCC_WARN_ABOUT_RETURN_TYPE = YES_ERROR;
				GCC_WARN_UNDECLARED_SELECTOR = YES;
				GCC_WARN_UNINITIALIZED_AUTOS = YES_AGGRESSIVE;
				GCC_WARN_UNUSED_FUNCTION = YES;
				GCC_WARN_UNUSED_VARIABLE = YES;
				IPHONEOS_DEPLOYMENT_TARGET = 7.1;
				SDKROOT = iphoneos;
				VALIDATE_PRODUCT = YES;
			};
			name = Release;
		};
		A86DB86F18E798E3002159C5 /* Debug */ = {
			isa = XCBuildConfiguration;
			buildSettings = {
				ASSETCATALOG_COMPILER_APPICON_NAME = AppIcon;
				ASSETCATALOG_COMPILER_LAUNCHIMAGE_NAME = LaunchImage;
				GCC_PRECOMPILE_PREFIX_HEADER = YES;
				GCC_PREFIX_HEADER = "CenterBall/CenterBall-Prefix.pch";
				INFOPLIST_FILE = "CenterBall/CenterBall-Info.plist";
				PRODUCT_NAME = "$(TARGET_NAME)";
				SPRITEKIT_TEXTURE_ATLAS_OUTPUT = YES;
				WRAPPER_EXTENSION = app;
			};
			name = Debug;
		};
		A86DB87018E798E3002159C5 /* Release */ = {
			isa = XCBuildConfiguration;
			buildSettings = {
				ASSETCATALOG_COMPILER_APPICON_NAME = AppIcon;
				ASSETCATALOG_COMPILER_LAUNCHIMAGE_NAME = LaunchImage;
				GCC_PRECOMPILE_PREFIX_HEADER = YES;
				GCC_PREFIX_HEADER = "CenterBall/CenterBall-Prefix.pch";
				INFOPLIST_FILE = "CenterBall/CenterBall-Info.plist";
				PRODUCT_NAME = "$(TARGET_NAME)";
				SPRITEKIT_TEXTURE_ATLAS_OUTPUT = YES;
				WRAPPER_EXTENSION = app;
			};
			name = Release;
		};
		A86DB87218E798E3002159C5 /* Debug */ = {
			isa = XCBuildConfiguration;
			buildSettings = {
				BUNDLE_LOADER = "$(BUILT_PRODUCTS_DIR)/CenterBall.app/CenterBall";
				FRAMEWORK_SEARCH_PATHS = (
					"$(SDKROOT)/Developer/Library/Frameworks",
					"$(inherited)",
					"$(DEVELOPER_FRAMEWORKS_DIR)",
				);
				GCC_PRECOMPILE_PREFIX_HEADER = YES;
				GCC_PREFIX_HEADER = "CenterBall/CenterBall-Prefix.pch";
				GCC_PREPROCESSOR_DEFINITIONS = (
					"DEBUG=1",
					"$(inherited)",
				);
				INFOPLIST_FILE = "CenterBallTests/CenterBallTests-Info.plist";
				PRODUCT_NAME = "$(TARGET_NAME)";
				TEST_HOST = "$(BUNDLE_LOADER)";
				WRAPPER_EXTENSION = xctest;
			};
			name = Debug;
		};
		A86DB87318E798E3002159C5 /* Release */ = {
			isa = XCBuildConfiguration;
			buildSettings = {
				BUNDLE_LOADER = "$(BUILT_PRODUCTS_DIR)/CenterBall.app/CenterBall";
				FRAMEWORK_SEARCH_PATHS = (
					"$(SDKROOT)/Developer/Library/Frameworks",
					"$(inherited)",
					"$(DEVELOPER_FRAMEWORKS_DIR)",
				);
				GCC_PRECOMPILE_PREFIX_HEADER = YES;
				GCC_PREFIX_HEADER = "CenterBall/CenterBall-Prefix.pch";
				INFOPLIST_FILE = "CenterBallTests/CenterBallTests-Info.plist";
				PRODUCT_NAME = "$(TARGET_NAME)";
				TEST_HOST = "$(BUNDLE_LOADER)";
				WRAPPER_EXTENSION = xctest;
			};
			name = Release;
		};
/* End XCBuildConfiguration section */

/* Begin XCConfigurationList section */
		A86DB83018E798E3002159C5 /* Build configuration list for PBXProject "CenterBall" */ = {
			isa = XCConfigurationList;
			buildConfigurations = (
				A86DB86C18E798E3002159C5 /* Debug */,
				A86DB86D18E798E3002159C5 /* Release */,
			);
			defaultConfigurationIsVisible = 0;
			defaultConfigurationName = Release;
		};
		A86DB86E18E798E3002159C5 /* Build configuration list for PBXNativeTarget "CenterBall" */ = {
			isa = XCConfigurationList;
			buildConfigurations = (
				A86DB86F18E798E3002159C5 /* Debug */,
				A86DB87018E798E3002159C5 /* Release */,
			);
			defaultConfigurationIsVisible = 0;
		};
		A86DB87118E798E3002159C5 /* Build configuration list for PBXNativeTarget "CenterBallTests" */ = {
			isa = XCConfigurationList;
			buildConfigurations = (
				A86DB87218E798E3002159C5 /* Debug */,
				A86DB87318E798E3002159C5 /* Release */,
			);
			defaultConfigurationIsVisible = 0;
		};
/* End XCConfigurationList section */
	};
	rootObject = A86DB82D18E798E3002159C5 /* Project object */;
}
